
Microsoft Visual Studio Solution File, Format Version 12.00
# Visual Studio Version 17
VisualStudioVersion = 17.12.35521.163 d17.12
MinimumVisualStudioVersion = 10.0.40219.1
Project("{FAE04EC0-301F-11D3-BF4B-00C04F79EFBC}") = "InMemory.Caching", "InMemory.Caching\InMemory.Caching.csproj", "{30453040-6F40-4599-A5A0-41DD53C4E150}"
EndProject
Project("{FAE04EC0-301F-11D3-BF4B-00C04F79EFBC}") = "Distributed.Caching", "Distributed.Caching\Distributed.Caching.csproj", "{450C8075-5C6D-4778-9B74-CC716DBCE654}"
EndProject
Project("{FAE04EC0-301F-11D3-BF4B-00C04F79EFBC}") = "PublisherExample", "PublisherExample\PublisherExample.csproj", "{1FB18B31-E203-48BA-BC8E-FC554419E076}"
EndProject
Project("{FAE04EC0-301F-11D3-BF4B-00C04F79EFBC}") = "SubscriberExample", "SubscriberExample\SubscriberExample.csproj", "{5E302375-309D-49FC-8726-E83020530045}"
EndProject
Global
	GlobalSection(SolutionConfigurationPlatforms) = preSolution
		Debug|Any CPU = Debug|Any CPU
		Release|Any CPU = Release|Any CPU
	EndGlobalSection
	GlobalSection(ProjectConfigurationPlatforms) = postSolution
		{30453040-6F40-4599-A5A0-41DD53C4E150}.Debug|Any CPU.ActiveCfg = Debug|Any CPU
		{30453040-6F40-4599-A5A0-41DD53C4E150}.Debug|Any CPU.Build.0 = Debug|Any CPU
		{30453040-6F40-4599-A5A0-41DD53C4E150}.Release|Any CPU.ActiveCfg = Release|Any CPU
		{30453040-6F40-4599-A5A0-41DD53C4E150}.Release|Any CPU.Build.0 = Release|Any CPU
		{450C8075-5C6D-4778-9B74-CC716DBCE654}.Debug|Any CPU.ActiveCfg = Debug|Any CPU
		{450C8075-5C6D-4778-9B74-CC716DBCE654}.Debug|Any CPU.Build.0 = Debug|Any CPU
		{450C8075-5C6D-4778-9B74-CC716DBCE654}.Release|Any CPU.ActiveCfg = Release|Any CPU
		{450C8075-5C6D-4778-9B74-CC716DBCE654}.Release|Any CPU.Build.0 = Release|Any CPU
		{1FB18B31-E203-48BA-BC8E-FC554419E076}.Debug|Any CPU.ActiveCfg = Debug|Any CPU
		{1FB18B31-E203-48BA-BC8E-FC554419E076}.Debug|Any CPU.Build.0 = Debug|Any CPU
		{1FB18B31-E203-48BA-BC8E-FC554419E076}.Release|Any CPU.ActiveCfg = Release|Any CPU
		{1FB18B31-E203-48BA-BC8E-FC554419E076}.Release|Any CPU.Build.0 = Release|Any CPU
		{5E302375-309D-49FC-8726-E83020530045}.Debug|Any CPU.ActiveCfg = Debug|Any CPU
		{5E302375-309D-49FC-8726-E83020530045}.Debug|Any CPU.Build.0 = Debug|Any CPU
		{5E302375-309D-49FC-8726-E83020530045}.Release|Any CPU.ActiveCfg = Release|Any CPU
		{5E302375-309D-49FC-8726-E83020530045}.Release|Any CPU.Build.0 = Release|Any CPU
	EndGlobalSection
	GlobalSection(SolutionProperties) = preSolution
		HideSolutionNode = FALSE
	EndGlobalSection
EndGlobal
